
Microsoft Visual Studio Solution File, Format Version 12.00
# Visual Studio 14
VisualStudioVersion = 14.0.24720.0
MinimumVisualStudioVersion = 10.0.40219.1
Project("{FAE04EC0-301F-11D3-BF4B-00C04F79EFBC}") = "YoutubePlayerLib", "YoutubePlayerLib\YoutubePlayerLib.csproj", "{1EB21710-17FB-4FFC-9857-B573A19AD273}"
EndProject
Project("{FAE04EC0-301F-11D3-BF4B-00C04F79EFBC}") = "YoutubePlayerExample", "YoutubePlayerExample\YoutubePlayerExample.csproj", "{CB23A146-3631-4D87-B79E-8FEE5DDC3D8B}"
EndProject
Project("{2150E333-8FDC-42A3-9474-1A3956D46DE8}") = "Solution Items", "Solution Items", "{5930435B-2645-420D-B784-B3973296CB32}"
	ProjectSection(SolutionItems) = preProject
		..\LICENSE.md = ..\LICENSE.md
		..\README.md = ..\README.md
	EndProjectSection
EndProject
Global
	GlobalSection(SolutionConfigurationPlatforms) = preSolution
		Debug|Any CPU = Debug|Any CPU
		Debug|x86 = Debug|x86
		Release|Any CPU = Release|Any CPU
		Release|x86 = Release|x86
	EndGlobalSection
	GlobalSection(ProjectConfigurationPlatforms) = postSolution
		{1EB21710-17FB-4FFC-9857-B573A19AD273}.Debug|Any CPU.ActiveCfg = Debug|Any CPU
		{1EB21710-17FB-4FFC-9857-B573A19AD273}.Debug|Any CPU.Build.0 = Debug|Any CPU
		{1EB21710-17FB-4FFC-9857-B573A19AD273}.Debug|x86.ActiveCfg = Debug|x86
		{1EB21710-17FB-4FFC-9857-B573A19AD273}.Debug|x86.Build.0 = Debug|x86
		{1EB21710-17FB-4FFC-9857-B573A19AD273}.Release|Any CPU.ActiveCfg = Release|Any CPU
		{1EB21710-17FB-4FFC-9857-B573A19AD273}.Release|Any CPU.Build.0 = Release|Any CPU
		{1EB21710-17FB-4FFC-9857-B573A19AD273}.Release|x86.ActiveCfg = Release|x86
		{1EB21710-17FB-4FFC-9857-B573A19AD273}.Release|x86.Build.0 = Release|x86
		{CB23A146-3631-4D87-B79E-8FEE5DDC3D8B}.Debug|Any CPU.ActiveCfg = Debug|Any CPU
		{CB23A146-3631-4D87-B79E-8FEE5DDC3D8B}.Debug|Any CPU.Build.0 = Debug|Any CPU
		{CB23A146-3631-4D87-B79E-8FEE5DDC3D8B}.Debug|x86.ActiveCfg = Debug|x86
		{CB23A146-3631-4D87-B79E-8FEE5DDC3D8B}.Debug|x86.Build.0 = Debug|x86
		{CB23A146-3631-4D87-B79E-8FEE5DDC3D8B}.Release|Any CPU.ActiveCfg = Release|Any CPU
		{CB23A146-3631-4D87-B79E-8FEE5DDC3D8B}.Release|Any CPU.Build.0 = Release|Any CPU
		{CB23A146-3631-4D87-B79E-8FEE5DDC3D8B}.Release|x86.ActiveCfg = Release|x86
		{CB23A146-3631-4D87-B79E-8FEE5DDC3D8B}.Release|x86.Build.0 = Release|x86
	EndGlobalSection
	GlobalSection(SolutionProperties) = preSolution
		HideSolutionNode = FALSE
	EndGlobalSection
EndGlobal
